
Microsoft Visual Studio Solution File, Format Version 12.00
# Visual Studio Version 16
VisualStudioVersion = 16.0.32802.440
MinimumVisualStudioVersion = 10.0.40219.1
Project("{FAE04EC0-301F-11D3-BF4B-00C04F79EFBC}") = "WindowsForms_Ejercicio_2_3", "WindowsForms_Ejercicio_2_3\WindowsForms_Ejercicio_2_3.csproj", "{094B605C-C17E-4CCC-A611-F3949DBC63B1}"
EndProject
Global
	GlobalSection(SolutionConfigurationPlatforms) = preSolution
		Debug|Any CPU = Debug|Any CPU
		Release|Any CPU = Release|Any CPU
	EndGlobalSection
	GlobalSection(ProjectConfigurationPlatforms) = postSolution
		{094B605C-C17E-4CCC-A611-F3949DBC63B1}.Debug|Any CPU.ActiveCfg = Debug|Any CPU
		{094B605C-C17E-4CCC-A611-F3949DBC63B1}.Debug|Any CPU.Build.0 = Debug|Any CPU
		{094B605C-C17E-4CCC-A611-F3949DBC63B1}.Release|Any CPU.ActiveCfg = Release|Any CPU
		{094B605C-C17E-4CCC-A611-F3949DBC63B1}.Release|Any CPU.Build.0 = Release|Any CPU
	EndGlobalSection
	GlobalSection(SolutionProperties) = preSolution
		HideSolutionNode = FALSE
	EndGlobalSection
	GlobalSection(ExtensibilityGlobals) = postSolution
		SolutionGuid = {3383765C-83FD-4B4B-873C-093C8C071292}
	EndGlobalSection
EndGlobal
